{
  "name": "@telenor/wholesale-oneview-lib-subscription-store",
  "version": "1.0.22",
  "lockfileVersion": 1,
  "requires": true,
  "dependencies": {
    "@types/node": {
      "version": "16.11.37",
      "resolved": "https://registry.npmjs.org/@types/node/-/node-16.11.37.tgz",
      "integrity": "sha512-U8+EA3a23YkBLKQFE9rxFw4A2YWFttRyQ15mz+dMsXiAo9zbdizFndBMz1aLpV2k7M+syncZy/cady/9pC3sPg==",
      "dev": true
    }
  }
}
